{
  "markbot": "883c966e899f2a2b966d61816efd5ecdf58aa41ce2e9afcafbb498634f7c1815",
  "markbotignore": "030a4e6e1b3b6b510514a7ae54576e2c2ef762d56236c6414ef634955d96a126",
  "index.html": "c39a3435860b6efa86f8cf299935a472d27f41d200cb94033503548965f52979",
  "index-960.png": "2cac2256ab81da90f592c1cfc72d5051e40bd8760bfd1ef501143a37d6860683"
}